{
  "requires": true,
  "lockfileVersion": 1,
  "dependencies": {
    "vue-parallax-js": {
      "version": "0.2.3",
      "resolved": "https://registry.npmjs.org/vue-parallax-js/-/vue-parallax-js-0.2.3.tgz",
      "integrity": "sha512-SV2GJ6aJ0vrLfRkpSlbvvULsUeQQw5OyVReAEWxiZ/b9BSUWGO9o1a7GXn4Tu6oeUwj4TBJwzO21iKDl/MuLuw=="
    }
  }
}
